PODS:
  - OAuthSwift (1.2.0)
  - ReactiveSwift (3.1.0):
    - Result (~> 3.2)
  - Result (3.2.4)

DEPENDENCIES:
  - OAuthSwift (~> 1.0)
  - ReactiveSwift (~> 3.0)

SPEC CHECKSUMS:
  OAuthSwift: 7fd6855b8e4d58eb5a30d156ea9bed7a8aecd1ca
  ReactiveSwift: 5b26d2e988fe0eed2daf48c4054d1de74db50184
  Result: d2d07204ce72856f1fd9130bbe42c35a7b0fea10

PODFILE CHECKSUM: a1ba53b84aca650783a917c81720142703f960a4

COCOAPODS: 1.4.0
