// !$*UTF8*$!
{
	archiveVersion = 1;
	classes = {
	};
	objectVersion = 48;
	objects = {

/* Begin PBXBuildFile section */
		234269A3951AAFE7549E57EC /* Pods_git_search.framework in Frameworks */ = {isa = PBXBuildFile; fileRef = 6AAD130D64FE75ABC54FCB61 /* Pods_git_search.framework */; };
		FAC44CC320696A2B00C3555F /* AppDelegate.swift in Sources */ = {isa = PBXBuildFile; fileRef = FAC44CC220696A2B00C3555F /* AppDelegate.swift */; };
		FAC44CC520696A2B00C3555F /* ViewController.swift in Sources */ = {isa = PBXBuildFile; fileRef = FAC44CC420696A2B00C3555F /* ViewController.swift */; };
		FAC44CC820696A2B00C3555F /* Main.storyboard in Resources */ = {isa = PBXBuildFile; fileRef = FAC44CC620696A2B00C3555F /* Main.storyboard */; };
		FAC44CCA20696A2B00C3555F /* Assets.xcassets in Resources */ = {isa = PBXBuildFile; fileRef = FAC44CC920696A2B00C3555F /* Assets.xcassets */; };
		FAC44CCD20696A2B00C3555F /* LaunchScreen.storyboard in Resources */ = {isa = PBXBuildFile; fileRef = FAC44CCB20696A2B00C3555F /* LaunchScreen.storyboard */; };
/* End PBXBuildFile section */

/* Begin PBXFileReference section */
		69AA62423D150A832E0BA5B3 /* Pods-git-search.release.xcconfig */ = {isa = PBXFileReference; includeInIndex = 1; lastKnownFileType = text.xcconfig; name = "Pods-git-search.release.xcconfig"; path = "Pods/Target Support Files/Pods-git-search/Pods-git-search.release.xcconfig"; sourceTree = "<group>"; };
		6AAD130D64FE75ABC54FCB61 /* Pods_git_search.framework */ = {isa = PBXFileReference; explicitFileType = wrapper.framework; includeInIndex = 0; path = Pods_git_search.framework; sourceTree = BUILT_PRODUCTS_DIR; };
		76E21B5E0A7A2618128562C2 /* Pods-git-search.debug.xcconfig */ = {isa = PBXFileReference; includeInIndex = 1; lastKnownFileType = text.xcconfig; name = "Pods-git-search.debug.xcconfig"; path = "Pods/Target Support Files/Pods-git-search/Pods-git-search.debug.xcconfig"; sourceTree = "<group>"; };
		FAC44CBF20696A2B00C3555F /* git-search.app */ = {isa = PBXFileReference; explicitFileType = wrapper.application; includeInIndex = 0; path = "git-search.app"; sourceTree = BUILT_PRODUCTS_DIR; };
		FAC44CC220696A2B00C3555F /* AppDelegate.swift */ = {isa = PBXFileReference; lastKnownFileType = sourcecode.swift; path = AppDelegate.swift; sourceTree = "<group>"; };
		FAC44CC420696A2B00C3555F /* ViewController.swift */ = {isa = PBXFileReference; lastKnownFileType = sourcecode.swift; path = ViewController.swift; sourceTree = "<group>"; };
		FAC44CC720696A2B00C3555F /* Base */ = {isa = PBXFileReference; lastKnownFileType = file.storyboard; name = Base; path = Base.lproj/Main.storyboard; sourceTree = "<group>"; };
		FAC44CC920696A2B00C3555F /* Assets.xcassets */ = {isa = PBXFileReference; lastKnownFileType = folder.assetcatalog; path = Assets.xcassets; sourceTree = "<group>"; };
		FAC44CCC20696A2B00C3555F /* Base */ = {isa = PBXFileReference; lastKnownFileType = file.storyboard; name = Base; path = Base.lproj/LaunchScreen.storyboard; sourceTree = "<group>"; };
		FAC44CCE20696A2B00C3555F /* Info.plist */ = {isa = PBXFileReference; lastKnownFileType = text.plist.xml; path = Info.plist; sourceTree = "<group>"; };
/* End PBXFileReference section */

/* Begin PBXFrameworksBuildPhase section */
		FAC44CBC20696A2B00C3555F /* Frameworks */ = {
			isa = PBXFrameworksBuildPhase;
			buildActionMask = 2147483647;
			files = (
				234269A3951AAFE7549E57EC /* Pods_git_search.framework in Frameworks */,
			);
			runOnlyForDeploymentPostprocessing = 0;
		};
/* End PBXFrameworksBuildPhase section */

/* Begin PBXGroup section */
		51B07130BC9C54D88A5E47E4 /* Pods */ = {
			isa = PBXGroup;
			children = (
				76E21B5E0A7A2618128562C2 /* Pods-git-search.debug.xcconfig */,
				69AA62423D150A832E0BA5B3 /* Pods-git-search.release.xcconfig */,
			);
			name = Pods;
			sourceTree = "<group>";
		};
		67E0D4BE7E7ABB909C15394F /* Frameworks */ = {
			isa = PBXGroup;
			children = (
				6AAD130D64FE75ABC54FCB61 /* Pods_git_search.framework */,
			);
			name = Frameworks;
			sourceTree = "<group>";
		};
		FAC44CB620696A2B00C3555F = {
			isa = PBXGroup;
			children = (
				FAC44CC120696A2B00C3555F /* git-search */,
				FAC44CC020696A2B00C3555F /* Products */,
				51B07130BC9C54D88A5E47E4 /* Pods */,
				67E0D4BE7E7ABB909C15394F /* Frameworks */,
			);
			sourceTree = "<group>";
		};
		FAC44CC020696A2B00C3555F /* Products */ = {
			isa = PBXGroup;
			children = (
				FAC44CBF20696A2B00C3555F /* git-search.app */,
			);
			name = Products;
			sourceTree = "<group>";
		};
		FAC44CC120696A2B00C3555F /* git-search */ = {
			isa = PBXGroup;
			children = (
				FAC44CC220696A2B00C3555F /* AppDelegate.swift */,
				FAC44CC420696A2B00C3555F /* ViewController.swift */,
				FAC44CC620696A2B00C3555F /* Main.storyboard */,
				FAC44CC920696A2B00C3555F /* Assets.xcassets */,
				FAC44CCB20696A2B00C3555F /* LaunchScreen.storyboard */,
				FAC44CCE20696A2B00C3555F /* Info.plist */,
			);
			path = "git-search";
			sourceTree = "<group>";
		};
/* End PBXGroup section */

/* Begin PBXNativeTarget section */
		FAC44CBE20696A2B00C3555F /* git-search */ = {
			isa = PBXNativeTarget;
			buildConfigurationList = FAC44CD120696A2B00C3555F /* Build configuration list for PBXNativeTarget "git-search" */;
			buildPhases = (
				C4E7A99D9F64D7DC5D93E8BF /* [CP] Check Pods Manifest.lock */,
				FAC44CBB20696A2B00C3555F /* Sources */,
				FAC44CBC20696A2B00C3555F /* Frameworks */,
				FAC44CBD20696A2B00C3555F /* Resources */,
				38EC0E1CEBE1572ACD04F664 /* [CP] Embed Pods Frameworks */,
				9A05A41CA78A97334AD25C1C /* [CP] Copy Pods Resources */,
			);
			buildRules = (
			);
			dependencies = (
			);
			name = "git-search";
			productName = "git-search";
			productReference = FAC44CBF20696A2B00C3555F /* git-search.app */;
			productType = "com.apple.product-type.application";
		};
/* End PBXNativeTarget section */

/* Begin PBXProject section */
		FAC44CB720696A2B00C3555F /* Project object */ = {
			isa = PBXProject;
			attributes = {
				LastSwiftUpdateCheck = 0920;
				LastUpgradeCheck = 0920;
				ORGANIZATIONNAME = Alex;
				TargetAttributes = {
					FAC44CBE20696A2B00C3555F = {
						CreatedOnToolsVersion = 9.2;
						ProvisioningStyle = Automatic;
					};
				};
			};
			buildConfigurationList = FAC44CBA20696A2B00C3555F /* Build configuration list for PBXProject "git-search" */;
			compatibilityVersion = "Xcode 8.0";
			developmentRegion = en;
			hasScannedForEncodings = 0;
			knownRegions = (
				en,
				Base,
			);
			mainGroup = FAC44CB620696A2B00C3555F;
			productRefGroup = FAC44CC020696A2B00C3555F /* Products */;
			projectDirPath = "";
			projectRoot = "";
			targets = (
				FAC44CBE20696A2B00C3555F /* git-search */,
			);
		};
/* End PBXProject section */

/* Begin PBXResourcesBuildPhase section */
		FAC44CBD20696A2B00C3555F /* Resources */ = {
			isa = PBXResourcesBuildPhase;
			buildActionMask = 2147483647;
			files = (
				FAC44CCD20696A2B00C3555F /* LaunchScreen.storyboard in Resources */,
				FAC44CCA20696A2B00C3555F /* Assets.xcassets in Resources */,
				FAC44CC820696A2B00C3555F /* Main.storyboard in Resources */,
			);
			runOnlyForDeploymentPostprocessing = 0;
		};
/* End PBXResourcesBuildPhase section */

/* Begin PBXShellScriptBuildPhase section */
		38EC0E1CEBE1572ACD04F664 /* [CP] Embed Pods Frameworks */ = {
			isa = PBXShellScriptBuildPhase;
			buildActionMask = 2147483647;
			files = (
			);
			inputPaths = (
				"${SRCROOT}/Pods/Target Support Files/Pods-git-search/Pods-git-search-frameworks.sh",
				"${BUILT_PRODUCTS_DIR}/OAuthSwift/OAuthSwift.framework",
				"${BUILT_PRODUCTS_DIR}/RxSwift/RxSwift.framework",
			);
			name = "[CP] Embed Pods Frameworks";
			outputPaths = (
				"${TARGET_BUILD_DIR}/${FRAMEWORKS_FOLDER_PATH}/OAuthSwift.framework",
				"${TARGET_BUILD_DIR}/${FRAMEWORKS_FOLDER_PATH}/RxSwift.framework",
			);
			runOnlyForDeploymentPostprocessing = 0;
			shellPath = /bin/sh;
			shellScript = "\"${SRCROOT}/Pods/Target Support Files/Pods-git-search/Pods-git-search-frameworks.sh\"\n";
			showEnvVarsInLog = 0;
		};
		9A05A41CA78A97334AD25C1C /* [CP] Copy Pods Resources */ = {
			isa = PBXShellScriptBuildPhase;
			buildActionMask = 2147483647;
			files = (
			);
			inputPaths = (
			);
			name = "[CP] Copy Pods Resources";
			outputPaths = (
			);
			runOnlyForDeploymentPostprocessing = 0;
			shellPath = /bin/sh;
			shellScript = "\"${SRCROOT}/Pods/Target Support Files/Pods-git-search/Pods-git-search-resources.sh\"\n";
			showEnvVarsInLog = 0;
		};
		C4E7A99D9F64D7DC5D93E8BF /* [CP] Check Pods Manifest.lock */ = {
			isa = PBXShellScriptBuildPhase;
			buildActionMask = 2147483647;
			files = (
			);
			inputPaths = (
				"${PODS_PODFILE_DIR_PATH}/Podfile.lock",
				"${PODS_ROOT}/Manifest.lock",
			);
			name = "[CP] Check Pods Manifest.lock";
			outputPaths = (
				"$(DERIVED_FILE_DIR)/Pods-git-search-checkManifestLockResult.txt",
			);
			runOnlyForDeploymentPostprocessing = 0;
			shellPath = /bin/sh;
			shellScript = "diff \"${PODS_PODFILE_DIR_PATH}/Podfile.lock\" \"${PODS_ROOT}/Manifest.lock\" > /dev/null\nif [ $? != 0 ] ; then\n    # print error to STDERR\n    echo \"error: The sandbox is not in sync with the Podfile.lock. Run 'pod install' or update your CocoaPods installation.\" >&2\n    exit 1\nfi\n# This output is used by Xcode 'outputs' to avoid re-running this script phase.\necho \"SUCCESS\" > \"${SCRIPT_OUTPUT_FILE_0}\"\n";
			showEnvVarsInLog = 0;
		};
/* End PBXShellScriptBuildPhase section */

/* Begin PBXSourcesBuildPhase section */
		FAC44CBB20696A2B00C3555F /* Sources */ = {
			isa = PBXSourcesBuildPhase;
			buildActionMask = 2147483647;
			files = (
				FAC44CC520696A2B00C3555F /* ViewController.swift in Sources */,
				FAC44CC320696A2B00C3555F /* AppDelegate.swift in Sources */,
			);
			runOnlyForDeploymentPostprocessing = 0;
		};
/* End PBXSourcesBuildPhase section */

/* Begin PBXVariantGroup section */
		FAC44CC620696A2B00C3555F /* Main.storyboard */ = {
			isa = PBXVariantGroup;
			children = (
				FAC44CC720696A2B00C3555F /* Base */,
			);
			name = Main.storyboard;
			sourceTree = "<group>";
		};
		FAC44CCB20696A2B00C3555F /* LaunchScreen.storyboard */ = {
			isa = PBXVariantGroup;
			children = (
				FAC44CCC20696A2B00C3555F /* Base */,
			);
			name = LaunchScreen.storyboard;
			sourceTree = "<group>";
		};
/* End PBXVariantGroup section */

/* Begin XCBuildConfiguration section */
		FAC44CCF20696A2B00C3555F /* Debug */ = {
			isa = XCBuildConfiguration;
			buildSettings = {
				ALWAYS_SEARCH_USER_PATHS = NO;
				CLANG_ANALYZER_NONNULL = YES;
				CLANG_ANALYZER_NUMBER_OBJECT_CONVERSION = YES_AGGRESSIVE;
				CLANG_CXX_LANGUAGE_STANDARD = "gnu++14";
				CLANG_CXX_LIBRARY = "libc++";
				CLANG_ENABLE_MODULES = YES;
				CLANG_ENABLE_OBJC_ARC = YES;
				CLANG_WARN_BLOCK_CAPTURE_AUTORELEASING = YES;
				CLANG_WARN_BOOL_CONVERSION = YES;
				CLANG_WARN_COMMA = YES;
				CLANG_WARN_CONSTANT_CONVERSION = YES;
				CLANG_WARN_DIRECT_OBJC_ISA_USAGE = YES_ERROR;
				CLANG_WARN_DOCUMENTATION_COMMENTS = YES;
				CLANG_WARN_EMPTY_BODY = YES;
				CLANG_WARN_ENUM_CONVERSION = YES;
				CLANG_WARN_INFINITE_RECURSION = YES;
				CLANG_WARN_INT_CONVERSION = YES;
				CLANG_WARN_NON_LITERAL_NULL_CONVERSION = YES;
				CLANG_WARN_OBJC_LITERAL_CONVERSION = YES;
				CLANG_WARN_OBJC_ROOT_CLASS = YES_ERROR;
				CLANG_WARN_RANGE_LOOP_ANALYSIS = YES;
				CLANG_WARN_STRICT_PROTOTYPES = YES;
				CLANG_WARN_SUSPICIOUS_MOVE = YES;
				CLANG_WARN_UNGUARDED_AVAILABILITY = YES_AGGRESSIVE;
				CLANG_WARN_UNREACHABLE_CODE = YES;
				CLANG_WARN__DUPLICATE_METHOD_MATCH = YES;
				CODE_SIGN_IDENTITY = "iPhone Developer";
				COPY_PHASE_STRIP = NO;
				DEBUG_INFORMATION_FORMAT = dwarf;
				ENABLE_STRICT_OBJC_MSGSEND = YES;
				ENABLE_TESTABILITY = YES;
				GCC_C_LANGUAGE_STANDARD = gnu11;
				GCC_DYNAMIC_NO_PIC = NO;
				GCC_NO_COMMON_BLOCKS = YES;
				GCC_OPTIMIZATION_LEVEL = 0;
				GCC_PREPROCESSOR_DEFINITIONS = (
					"DEBUG=1",
					"$(inherited)",
				);
				GCC_WARN_64_TO_32_BIT_CONVERSION = YES;
				GCC_WARN_ABOUT_RETURN_TYPE = YES_ERROR;
				GCC_WARN_UNDECLARED_SELECTOR = YES;
				GCC_WARN_UNINITIALIZED_AUTOS = YES_AGGRESSIVE;
				GCC_WARN_UNUSED_FUNCTION = YES;
				GCC_WARN_UNUSED_VARIABLE = YES;
				IPHONEOS_DEPLOYMENT_TARGET = 11.2;
				MTL_ENABLE_DEBUG_INFO = YES;
				ONLY_ACTIVE_ARCH = YES;
				SDKROOT = iphoneos;
				SWIFT_ACTIVE_COMPILATION_CONDITIONS = DEBUG;
				SWIFT_OPTIMIZATION_LEVEL = "-Onone";
			};
			name = Debug;
		};
		FAC44CD020696A2B00C3555F /* Release */ = {
			isa = XCBuildConfiguration;
			buildSettings = {
				ALWAYS_SEARCH_USER_PATHS = NO;
				CLANG_ANALYZER_NONNULL = YES;
				CLANG_ANALYZER_NUMBER_OBJECT_CONVERSION = YES_AGGRESSIVE;
				CLANG_CXX_LANGUAGE_STANDARD = "gnu++14";
				CLANG_CXX_LIBRARY = "libc++";
				CLANG_ENABLE_MODULES = YES;
				CLANG_ENABLE_OBJC_ARC = YES;
				CLANG_WARN_BLOCK_CAPTURE_AUTORELEASING = YES;
				CLANG_WARN_BOOL_CONVERSION = YES;
				CLANG_WARN_COMMA = YES;
				CLANG_WARN_CONSTANT_CONVERSION = YES;
				CLANG_WARN_DIRECT_OBJC_ISA_USAGE = YES_ERROR;
				CLANG_WARN_DOCUMENTATION_COMMENTS = YES;
				CLANG_WARN_EMPTY_BODY = YES;
				CLANG_WARN_ENUM_CONVERSION = YES;
				CLANG_WARN_INFINITE_RECURSION = YES;
				CLANG_WARN_INT_CONVERSION = YES;
				CLANG_WARN_NON_LITERAL_NULL_CONVERSION = YES;
				CLANG_WARN_OBJC_LITERAL_CONVERSION = YES;
				CLANG_WARN_OBJC_ROOT_CLASS = YES_ERROR;
				CLANG_WARN_RANGE_LOOP_ANALYSIS = YES;
				CLANG_WARN_STRICT_PROTOTYPES = YES;
				CLANG_WARN_SUSPICIOUS_MOVE = YES;
				CLANG_WARN_UNGUARDED_AVAILABILITY = YES_AGGRESSIVE;
				CLANG_WARN_UNREACHABLE_CODE = YES;
				CLANG_WARN__DUPLICATE_METHOD_MATCH = YES;
				CODE_SIGN_IDENTITY = "iPhone Developer";
				COPY_PHASE_STRIP = NO;
				DEBUG_INFORMATION_FORMAT = "dwarf-with-dsym";
				ENABLE_NS_ASSERTIONS = NO;
				ENABLE_STRICT_OBJC_MSGSEND = YES;
				GCC_C_LANGUAGE_STANDARD = gnu11;
				GCC_NO_COMMON_BLOCKS = YES;
				GCC_WARN_64_TO_32_BIT_CONVERSION = YES;
				GCC_WARN_ABOUT_RETURN_TYPE = YES_ERROR;
				GCC_WARN_UNDECLARED_SELECTOR = YES;
				GCC_WARN_UNINITIALIZED_AUTOS = YES_AGGRESSIVE;
				GCC_WARN_UNUSED_FUNCTION = YES;
				GCC_WARN_UNUSED_VARIABLE = YES;
				IPHONEOS_DEPLOYMENT_TARGET = 11.2;
				MTL_ENABLE_DEBUG_INFO = NO;
				SDKROOT = iphoneos;
				SWIFT_OPTIMIZATION_LEVEL = "-Owholemodule";
				VALIDATE_PRODUCT = YES;
			};
			name = Release;
		};
		FAC44CD220696A2B00C3555F /* Debug */ = {
			isa = XCBuildConfiguration;
			baseConfigurationReference = 76E21B5E0A7A2618128562C2 /* Pods-git-search.debug.xcconfig */;
			buildSettings = {
				ASSETCATALOG_COMPILER_APPICON_NAME = AppIcon;
				CODE_SIGN_STYLE = Automatic;
				INFOPLIST_FILE = "git-search/Info.plist";
				LD_RUNPATH_SEARCH_PATHS = "$(inherited) @executable_path/Frameworks";
				PRODUCT_BUNDLE_IDENTIFIER = "com.home.git-search";
				PRODUCT_NAME = "$(TARGET_NAME)";
				SWIFT_VERSION = 4.0;
				TARGETED_DEVICE_FAMILY = "1,2";
			};
			name = Debug;
		};
		FAC44CD320696A2B00C3555F /* Release */ = {
			isa = XCBuildConfiguration;
			baseConfigurationReference = 69AA62423D150A832E0BA5B3 /* Pods-git-search.release.xcconfig */;
			buildSettings = {
				ASSETCATALOG_COMPILER_APPICON_NAME = AppIcon;
				CODE_SIGN_STYLE = Automatic;
				INFOPLIST_FILE = "git-search/Info.plist";
				LD_RUNPATH_SEARCH_PATHS = "$(inherited) @executable_path/Frameworks";
				PRODUCT_BUNDLE_IDENTIFIER = "com.home.git-search";
				PRODUCT_NAME = "$(TARGET_NAME)";
				SWIFT_VERSION = 4.0;
				TARGETED_DEVICE_FAMILY = "1,2";
			};
			name = Release;
		};
/* End XCBuildConfiguration section */

/* Begin XCConfigurationList section */
		FAC44CBA20696A2B00C3555F /* Build configuration list for PBXProject "git-search" */ = {
			isa = XCConfigurationList;
			buildConfigurations = (
				FAC44CCF20696A2B00C3555F /* Debug */,
				FAC44CD020696A2B00C3555F /* Release */,
			);
			defaultConfigurationIsVisible = 0;
			defaultConfigurationName = Release;
		};
		FAC44CD120696A2B00C3555F /* Build configuration list for PBXNativeTarget "git-search" */ = {
			isa = XCConfigurationList;
			buildConfigurations = (
				FAC44CD220696A2B00C3555F /* Debug */,
				FAC44CD320696A2B00C3555F /* Release */,
			);
			defaultConfigurationIsVisible = 0;
			defaultConfigurationName = Release;
		};
/* End XCConfigurationList section */
	};
	rootObject = FAC44CB720696A2B00C3555F /* Project object */;
}
